
Microsoft Visual Studio Solution File, Format Version 12.00
# Visual Studio Version 16
VisualStudioVersion = 16.0.31229.75
MinimumVisualStudioVersion = 10.0.40219.1
Project("{9A19103F-16F7-4668-BE54-9A1E7A4F7556}") = "TorrentTracker", "TorrentTracker.csproj", "{C4E0EE4E-EBD8-4AEA-B73C-20BCD32DA7C1}"
EndProject
Project("{2150E333-8FDC-42A3-9474-1A3956D46DE8}") = "Solution Items", "Solution Items", "{880A5D52-F2CD-4070-A701-0CD904C995DF}"
EndProject
Global
	GlobalSection(SolutionConfigurationPlatforms) = preSolution
		Debug|Any CPU = Debug|Any CPU
		Release|Any CPU = Release|Any CPU
	EndGlobalSection
	GlobalSection(ProjectConfigurationPlatforms) = postSolution
		{C4E0EE4E-EBD8-4AEA-B73C-20BCD32DA7C1}.Debug|Any CPU.ActiveCfg = Debug|Any CPU
		{C4E0EE4E-EBD8-4AEA-B73C-20BCD32DA7C1}.Debug|Any CPU.Build.0 = Debug|Any CPU
		{C4E0EE4E-EBD8-4AEA-B73C-20BCD32DA7C1}.Release|Any CPU.ActiveCfg = Release|Any CPU
		{C4E0EE4E-EBD8-4AEA-B73C-20BCD32DA7C1}.Release|Any CPU.Build.0 = Release|Any CPU
	EndGlobalSection
	GlobalSection(SolutionProperties) = preSolution
		HideSolutionNode = FALSE
	EndGlobalSection
	GlobalSection(ExtensibilityGlobals) = postSolution
		SolutionGuid = {C17CEDBA-BDFB-4722-B7D9-D12C42A29D9D}
	EndGlobalSection
EndGlobal
